
Microsoft Visual Studio Solution File, Format Version 12.00
# Visual Studio 15
VisualStudioVersion = 15.0.28307.106
MinimumVisualStudioVersion = 10.0.40219.1
Project("{FAE04EC0-301F-11D3-BF4B-00C04F79EFBC}") = "ZPO3.1", "ZPO3.1\ZPO3.1.csproj", "{01AADDB5-31CE-40B9-B782-18DB214D24C1}"
EndProject
Global
	GlobalSection(SolutionConfigurationPlatforms) = preSolution
		Debug|Any CPU = Debug|Any CPU
		Release|Any CPU = Release|Any CPU
	EndGlobalSection
	GlobalSection(ProjectConfigurationPlatforms) = postSolution
		{01AADDB5-31CE-40B9-B782-18DB214D24C1}.Debug|Any CPU.ActiveCfg = Debug|Any CPU
		{01AADDB5-31CE-40B9-B782-18DB214D24C1}.Debug|Any CPU.Build.0 = Debug|Any CPU
		{01AADDB5-31CE-40B9-B782-18DB214D24C1}.Release|Any CPU.ActiveCfg = Release|Any CPU
		{01AADDB5-31CE-40B9-B782-18DB214D24C1}.Release|Any CPU.Build.0 = Release|Any CPU
	EndGlobalSection
	GlobalSection(SolutionProperties) = preSolution
		HideSolutionNode = FALSE
	EndGlobalSection
	GlobalSection(ExtensibilityGlobals) = postSolution
		SolutionGuid = {690C6917-0E3B-4F08-A3E8-02396AF4A68B}
	EndGlobalSection
EndGlobal
